github.com/mattn/go-sqlite3 v1.14.22 h1:2gZY6PC6kBnID23Tichd1K+Z0oS6nE/XwU+Vz/5o4kU=
github.com/mattn/go-sqlite3 v1.14.22/go.mod h1:Uh1q+B4BYcTPb+yiD3kU8Ct7aC0hY9fxUwlHK0RXw+Y=
github.com/shogo82148/go-sql-proxy v0.7.2 h1:+1T8SbK129uFzFd463/Wg3TYzY/L+EPQYUayIM3ipP4=
github.com/shogo82148/go-sql-proxy v0.7.2/go.mod h1:C/5AD9VYU98jA799IvDNjdxJGl2ZzVW/b/LQ7nAL+V4=
golang.org/x/exp v0.0.0-20240716175740-e3f259677ff7 h1:wDLEX9a7YQoKdKNQt88rtydkqDxeGaBUTnIYc3iG/mA=
golang.org/x/exp v0.0.0-20240716175740-e3f259677ff7/go.mod h1:M4RDyNAINzryxdtnbRXRL/OHtkFuWGRjvuhBJpk2IlY=
